
Microsoft Visual Studio Solution File, Format Version 12.00
# Visual Studio Version 17
VisualStudioVersion = 17.3.32819.101
MinimumVisualStudioVersion = 10.0.40219.1
Project("{FAE04EC0-301F-11D3-BF4B-00C04F79EFBC}") = "DemandaCadastro", "DemandaCadastro\DemandaCadastro.csproj", "{0EF7FCF3-CFBE-44CE-952D-CFA95B646FCC}"
EndProject
Global
	GlobalSection(SolutionConfigurationPlatforms) = preSolution
		Debug|Any CPU = Debug|Any CPU
		Release|Any CPU = Release|Any CPU
	EndGlobalSection
	GlobalSection(ProjectConfigurationPlatforms) = postSolution
		{0EF7FCF3-CFBE-44CE-952D-CFA95B646FCC}.Debug|Any CPU.ActiveCfg = Debug|Any CPU
		{0EF7FCF3-CFBE-44CE-952D-CFA95B646FCC}.Debug|Any CPU.Build.0 = Debug|Any CPU
		{0EF7FCF3-CFBE-44CE-952D-CFA95B646FCC}.Release|Any CPU.ActiveCfg = Release|Any CPU
		{0EF7FCF3-CFBE-44CE-952D-CFA95B646FCC}.Release|Any CPU.Build.0 = Release|Any CPU
	EndGlobalSection
	GlobalSection(SolutionProperties) = preSolution
		HideSolutionNode = FALSE
	EndGlobalSection
	GlobalSection(ExtensibilityGlobals) = postSolution
		SolutionGuid = {806536FE-1649-447E-94B4-A35D71C0E0B8}
	EndGlobalSection
EndGlobal
